
Microsoft Visual Studio Solution File, Format Version 12.00
# Visual Studio Version 17
VisualStudioVersion = 17.3.32901.215
MinimumVisualStudioVersion = 10.0.40219.1
Project("{888888A0-9F3D-457C-B088-3A5042F75D52}") = "Apnumpy", "Apnumpy\Apnumpy.pyproj", "{CF506870-0050-42B7-B266-2CFC566D457C}"
EndProject
Global
	GlobalSection(SolutionConfigurationPlatforms) = preSolution
		Debug|Any CPU = Debug|Any CPU
		Release|Any CPU = Release|Any CPU
	EndGlobalSection
	GlobalSection(ProjectConfigurationPlatforms) = postSolution
		{CF506870-0050-42B7-B266-2CFC566D457C}.Debug|Any CPU.ActiveCfg = Debug|Any CPU
		{CF506870-0050-42B7-B266-2CFC566D457C}.Release|Any CPU.ActiveCfg = Release|Any CPU
	EndGlobalSection
	GlobalSection(SolutionProperties) = preSolution
		HideSolutionNode = FALSE
	EndGlobalSection
	GlobalSection(ExtensibilityGlobals) = postSolution
		SolutionGuid = {5E76D1BF-2037-4E1C-A38E-464537CD9C29}
	EndGlobalSection
EndGlobal
